
Microsoft Visual Studio Solution File, Format Version 12.00
Project("{FAE04EC0-301F-11D3-BF4B-00C04F79EFBC}") = "Bioingenia.Wpf", "Bioingenia.Wpf\Bioingenia.Wpf.csproj", "{15ED56E1-EB0D-4836-BBF0-21E3D5604124}"
EndProject
Global
	GlobalSection(SolutionConfigurationPlatforms) = preSolution
		Debug|Any CPU = Debug|Any CPU
		Debug|x64 = Debug|x64
		Debug|x86 = Debug|x86
		Release|Any CPU = Release|Any CPU
		Release|x64 = Release|x64
		Release|x86 = Release|x86
	EndGlobalSection
	GlobalSection(ProjectConfigurationPlatforms) = postSolution
		{15ED56E1-EB0D-4836-BBF0-21E3D5604124}.Debug|Any CPU.ActiveCfg = Debug|Any CPU
		{15ED56E1-EB0D-4836-BBF0-21E3D5604124}.Debug|Any CPU.Build.0 = Debug|Any CPU
		{15ED56E1-EB0D-4836-BBF0-21E3D5604124}.Debug|x64.ActiveCfg = Debug|Any CPU
		{15ED56E1-EB0D-4836-BBF0-21E3D5604124}.Debug|x64.Build.0 = Debug|Any CPU
		{15ED56E1-EB0D-4836-BBF0-21E3D5604124}.Debug|x86.ActiveCfg = Debug|Any CPU
		{15ED56E1-EB0D-4836-BBF0-21E3D5604124}.Debug|x86.Build.0 = Debug|Any CPU
		{15ED56E1-EB0D-4836-BBF0-21E3D5604124}.Release|Any CPU.ActiveCfg = Release|Any CPU
		{15ED56E1-EB0D-4836-BBF0-21E3D5604124}.Release|Any CPU.Build.0 = Release|Any CPU
		{15ED56E1-EB0D-4836-BBF0-21E3D5604124}.Release|x64.ActiveCfg = Release|Any CPU
		{15ED56E1-EB0D-4836-BBF0-21E3D5604124}.Release|x64.Build.0 = Release|Any CPU
		{15ED56E1-EB0D-4836-BBF0-21E3D5604124}.Release|x86.ActiveCfg = Release|Any CPU
		{15ED56E1-EB0D-4836-BBF0-21E3D5604124}.Release|x86.Build.0 = Release|Any CPU
	EndGlobalSection
	GlobalSection(SolutionProperties) = preSolution
		HideSolutionNode = FALSE
	EndGlobalSection
EndGlobal
